{
  "name": "@stdjs/database",
  "version": "2.0.0",
  "lockfileVersion": 1,
  "requires": true,
  "dependencies": {
    "core-js": {
      "version": "3.6.2",
      "resolved": "https://registry.npmjs.org/core-js/-/core-js-3.6.2.tgz",
      "integrity": "sha512-hIE5dXkRzRvnZ5vhkRfQxUvDxQZmD9oueA08jDYRBKJHx+VIl/Pne/e0A4x9LObEEthC/TqiZybUoNM4tRgnKg=="
    }
  }
}
