{
	"name": "@stdjs/queue",
	"version": "2.0.0",
	"lockfileVersion": 1,
	"requires": true,
	"dependencies": {
		"core-js": {
			"version": "3.6.3",
			"resolved": "https://registry.npmjs.org/core-js/-/core-js-3.6.3.tgz",
			"integrity": "sha512-DOO9b18YHR+Wk5kJ/c5YFbXuUETreD4TrvXb6edzqZE3aAEd0eJIAWghZ9HttMuiON8SVCnU3fqA4rPxRDD1HQ=="
		}
	}
}
